// !$*UTF8*$!
{
	archiveVersion = 1;
	classes = {
	};
	objectVersion = 56;
	objects = {

/* Begin PBXBuildFile section */
		313C9DD72C74A6F600EA3B7B /* MyWeatherApp.swift in Sources */ = {isa = PBXBuildFile; fileRef = 313C9DD62C74A6F600EA3B7B /* MyWeatherApp.swift */; };
		313C9DD92C74A6F600EA3B7B /* ContentView.swift in Sources */ = {isa = PBXBuildFile; fileRef = 313C9DD82C74A6F600EA3B7B /* ContentView.swift */; };
		313C9DDB2C74A6F600EA3B7B /* Assets.xcassets in Resources */ = {isa = PBXBuildFile; fileRef = 313C9DDA2C74A6F600EA3B7B /* Assets.xcassets */; };
		313C9DDE2C74A6F600EA3B7B /* Preview Assets.xcassets in Resources */ = {isa = PBXBuildFile; fileRef = 313C9DDD2C74A6F600EA3B7B /* Preview Assets.xcassets */; };
		313C9DE82C74A6F600EA3B7B /* MyWeatherTests.swift in Sources */ = {isa = PBXBuildFile; fileRef = 313C9DE72C74A6F600EA3B7B /* MyWeatherTests.swift */; };
		313C9DF22C74A6F600EA3B7B /* MyWeatherUITests.swift in Sources */ = {isa = PBXBuildFile; fileRef = 313C9DF12C74A6F600EA3B7B /* MyWeatherUITests.swift */; };
		313C9DF42C74A6F600EA3B7B /* MyWeatherUITestsLaunchTests.swift in Sources */ = {isa = PBXBuildFile; fileRef = 313C9DF32C74A6F600EA3B7B /* MyWeatherUITestsLaunchTests.swift */; };
/* End PBXBuildFile section */

/* Begin PBXContainerItemProxy section */
		313C9DE42C74A6F600EA3B7B /* PBXContainerItemProxy */ = {
			isa = PBXContainerItemProxy;
			containerPortal = 313C9DCB2C74A6F500EA3B7B /* Project object */;
			proxyType = 1;
			remoteGlobalIDString = 313C9DD22C74A6F500EA3B7B;
			remoteInfo = MyWeather;
		};
		313C9DEE2C74A6F600EA3B7B /* PBXContainerItemProxy */ = {
			isa = PBXContainerItemProxy;
			containerPortal = 313C9DCB2C74A6F500EA3B7B /* Project object */;
			proxyType = 1;
			remoteGlobalIDString = 313C9DD22C74A6F500EA3B7B;
			remoteInfo = MyWeather;
		};
/* End PBXContainerItemProxy section */

/* Begin PBXFileReference section */
		313C9DD32C74A6F600EA3B7B /* MyWeather.app */ = {isa = PBXFileReference; explicitFileType = wrapper.application; includeInIndex = 0; path = MyWeather.app; sourceTree = BUILT_PRODUCTS_DIR; };
		313C9DD62C74A6F600EA3B7B /* MyWeatherApp.swift */ = {isa = PBXFileReference; lastKnownFileType = sourcecode.swift; path = MyWeatherApp.swift; sourceTree = "<group>"; };
		313C9DD82C74A6F600EA3B7B /* ContentView.swift */ = {isa = PBXFileReference; lastKnownFileType = sourcecode.swift; path = ContentView.swift; sourceTree = "<group>"; };
		313C9DDA2C74A6F600EA3B7B /* Assets.xcassets */ = {isa = PBXFileReference; lastKnownFileType = folder.assetcatalog; path = Assets.xcassets; sourceTree = "<group>"; };
		313C9DDD2C74A6F600EA3B7B /* Preview Assets.xcassets */ = {isa = PBXFileReference; lastKnownFileType = folder.assetcatalog; path = "Preview Assets.xcassets"; sourceTree = "<group>"; };
		313C9DE32C74A6F600EA3B7B /* MyWeatherTests.xctest */ = {isa = PBXFileReference; explicitFileType = wrapper.cfbundle; includeInIndex = 0; path = MyWeatherTests.xctest; sourceTree = BUILT_PRODUCTS_DIR; };
		313C9DE72C74A6F600EA3B7B /* MyWeatherTests.swift */ = {isa = PBXFileReference; lastKnownFileType = sourcecode.swift; path = MyWeatherTests.swift; sourceTree = "<group>"; };
		313C9DED2C74A6F600EA3B7B /* MyWeatherUITests.xctest */ = {isa = PBXFileReference; explicitFileType = wrapper.cfbundle; includeInIndex = 0; path = MyWeatherUITests.xctest; sourceTree = BUILT_PRODUCTS_DIR; };
		313C9DF12C74A6F600EA3B7B /* MyWeatherUITests.swift */ = {isa = PBXFileReference; lastKnownFileType = sourcecode.swift; path = MyWeatherUITests.swift; sourceTree = "<group>"; };
		313C9DF32C74A6F600EA3B7B /* MyWeatherUITestsLaunchTests.swift */ = {isa = PBXFileReference; lastKnownFileType = sourcecode.swift; path = MyWeatherUITestsLaunchTests.swift; sourceTree = "<group>"; };
/* End PBXFileReference section */

/* Begin PBXFrameworksBuildPhase section */
		313C9DD02C74A6F500EA3B7B /* Frameworks */ = {
			isa = PBXFrameworksBuildPhase;
			buildActionMask = 2147483647;
			files = (
			);
			runOnlyForDeploymentPostprocessing = 0;
		};
		313C9DE02C74A6F600EA3B7B /* Frameworks */ = {
			isa = PBXFrameworksBuildPhase;
			buildActionMask = 2147483647;
			files = (
			);
			runOnlyForDeploymentPostprocessing = 0;
		};
		313C9DEA2C74A6F600EA3B7B /* Frameworks */ = {
			isa = PBXFrameworksBuildPhase;
			buildActionMask = 2147483647;
			files = (
			);
			runOnlyForDeploymentPostprocessing = 0;
		};
/* End PBXFrameworksBuildPhase section */

/* Begin PBXGroup section */
		313C9DCA2C74A6F500EA3B7B = {
			isa = PBXGroup;
			children = (
				313C9DD52C74A6F600EA3B7B /* MyWeather */,
				313C9DE62C74A6F600EA3B7B /* MyWeatherTests */,
				313C9DF02C74A6F600EA3B7B /* MyWeatherUITests */,
				313C9DD42C74A6F600EA3B7B /* Products */,
			);
			sourceTree = "<group>";
		};
		313C9DD42C74A6F600EA3B7B /* Products */ = {
			isa = PBXGroup;
			children = (
				313C9DD32C74A6F600EA3B7B /* MyWeather.app */,
				313C9DE32C74A6F600EA3B7B /* MyWeatherTests.xctest */,
				313C9DED2C74A6F600EA3B7B /* MyWeatherUITests.xctest */,
			);
			name = Products;
			sourceTree = "<group>";
		};
		313C9DD52C74A6F600EA3B7B /* MyWeather */ = {
			isa = PBXGroup;
			children = (
				313C9DD62C74A6F600EA3B7B /* MyWeatherApp.swift */,
				313C9DD82C74A6F600EA3B7B /* ContentView.swift */,
				313C9DDA2C74A6F600EA3B7B /* Assets.xcassets */,
				313C9DDC2C74A6F600EA3B7B /* Preview Content */,
			);
			path = MyWeather;
			sourceTree = "<group>";
		};
		313C9DDC2C74A6F600EA3B7B /* Preview Content */ = {
			isa = PBXGroup;
			children = (
				313C9DDD2C74A6F600EA3B7B /* Preview Assets.xcassets */,
			);
			path = "Preview Content";
			sourceTree = "<group>";
		};
		313C9DE62C74A6F600EA3B7B /* MyWeatherTests */ = {
			isa = PBXGroup;
			children = (
				313C9DE72C74A6F600EA3B7B /* MyWeatherTests.swift */,
			);
			path = MyWeatherTests;
			sourceTree = "<group>";
		};
		313C9DF02C74A6F600EA3B7B /* MyWeatherUITests */ = {
			isa = PBXGroup;
			children = (
				313C9DF12C74A6F600EA3B7B /* MyWeatherUITests.swift */,
				313C9DF32C74A6F600EA3B7B /* MyWeatherUITestsLaunchTests.swift */,
			);
			path = MyWeatherUITests;
			sourceTree = "<group>";
		};
/* End PBXGroup section */

/* Begin PBXNativeTarget section */
		313C9DD22C74A6F500EA3B7B /* MyWeather */ = {
			isa = PBXNativeTarget;
			buildConfigurationList = 313C9DF72C74A6F600EA3B7B /* Build configuration list for PBXNativeTarget "MyWeather" */;
			buildPhases = (
				313C9DCF2C74A6F500EA3B7B /* Sources */,
				313C9DD02C74A6F500EA3B7B /* Frameworks */,
				313C9DD12C74A6F500EA3B7B /* Resources */,
			);
			buildRules = (
			);
			dependencies = (
			);
			name = MyWeather;
			productName = MyWeather;
			productReference = 313C9DD32C74A6F600EA3B7B /* MyWeather.app */;
			productType = "com.apple.product-type.application";
		};
		313C9DE22C74A6F600EA3B7B /* MyWeatherTests */ = {
			isa = PBXNativeTarget;
			buildConfigurationList = 313C9DFA2C74A6F600EA3B7B /* Build configuration list for PBXNativeTarget "MyWeatherTests" */;
			buildPhases = (
				313C9DDF2C74A6F600EA3B7B /* Sources */,
				313C9DE02C74A6F600EA3B7B /* Frameworks */,
				313C9DE12C74A6F600EA3B7B /* Resources */,
			);
			buildRules = (
			);
			dependencies = (
				313C9DE52C74A6F600EA3B7B /* PBXTargetDependency */,
			);
			name = MyWeatherTests;
			productName = MyWeatherTests;
			productReference = 313C9DE32C74A6F600EA3B7B /* MyWeatherTests.xctest */;
			productType = "com.apple.product-type.bundle.unit-test";
		};
		313C9DEC2C74A6F600EA3B7B /* MyWeatherUITests */ = {
			isa = PBXNativeTarget;
			buildConfigurationList = 313C9DFD2C74A6F600EA3B7B /* Build configuration list for PBXNativeTarget "MyWeatherUITests" */;
			buildPhases = (
				313C9DE92C74A6F600EA3B7B /* Sources */,
				313C9DEA2C74A6F600EA3B7B /* Frameworks */,
				313C9DEB2C74A6F600EA3B7B /* Resources */,
			);
			buildRules = (
			);
			dependencies = (
				313C9DEF2C74A6F600EA3B7B /* PBXTargetDependency */,
			);
			name = MyWeatherUITests;
			productName = MyWeatherUITests;
			productReference = 313C9DED2C74A6F600EA3B7B /* MyWeatherUITests.xctest */;
			productType = "com.apple.product-type.bundle.ui-testing";
		};
/* End PBXNativeTarget section */

/* Begin PBXProject section */
		313C9DCB2C74A6F500EA3B7B /* Project object */ = {
			isa = PBXProject;
			attributes = {
				BuildIndependentTargetsInParallel = 1;
				LastSwiftUpdateCheck = 1520;
				LastUpgradeCheck = 1520;
				TargetAttributes = {
					313C9DD22C74A6F500EA3B7B = {
						CreatedOnToolsVersion = 15.2;
					};
					313C9DE22C74A6F600EA3B7B = {
						CreatedOnToolsVersion = 15.2;
						TestTargetID = 313C9DD22C74A6F500EA3B7B;
					};
					313C9DEC2C74A6F600EA3B7B = {
						CreatedOnToolsVersion = 15.2;
						TestTargetID = 313C9DD22C74A6F500EA3B7B;
					};
				};
			};
			buildConfigurationList = 313C9DCE2C74A6F500EA3B7B /* Build configuration list for PBXProject "MyWeather" */;
			compatibilityVersion = "Xcode 14.0";
			developmentRegion = en;
			hasScannedForEncodings = 0;
			knownRegions = (
				en,
				Base,
			);
			mainGroup = 313C9DCA2C74A6F500EA3B7B;
			productRefGroup = 313C9DD42C74A6F600EA3B7B /* Products */;
			projectDirPath = "";
			projectRoot = "";
			targets = (
				313C9DD22C74A6F500EA3B7B /* MyWeather */,
				313C9DE22C74A6F600EA3B7B /* MyWeatherTests */,
				313C9DEC2C74A6F600EA3B7B /* MyWeatherUITests */,
			);
		};
/* End PBXProject section */

/* Begin PBXResourcesBuildPhase section */
		313C9DD12C74A6F500EA3B7B /* Resources */ = {
			isa = PBXResourcesBuildPhase;
			buildActionMask = 2147483647;
			files = (
				313C9DDE2C74A6F600EA3B7B /* Preview Assets.xcassets in Resources */,
				313C9DDB2C74A6F600EA3B7B /* Assets.xcassets in Resources */,
			);
			runOnlyForDeploymentPostprocessing = 0;
		};
		313C9DE12C74A6F600EA3B7B /* Resources */ = {
			isa = PBXResourcesBuildPhase;
			buildActionMask = 2147483647;
			files = (
			);
			runOnlyForDeploymentPostprocessing = 0;
		};
		313C9DEB2C74A6F600EA3B7B /* Resources */ = {
			isa = PBXResourcesBuildPhase;
			buildActionMask = 2147483647;
			files = (
			);
			runOnlyForDeploymentPostprocessing = 0;
		};
/* End PBXResourcesBuildPhase section */

/* Begin PBXSourcesBuildPhase section */
		313C9DCF2C74A6F500EA3B7B /* Sources */ = {
			isa = PBXSourcesBuildPhase;
			buildActionMask = 2147483647;
			files = (
				313C9DD92C74A6F600EA3B7B /* ContentView.swift in Sources */,
				313C9DD72C74A6F600EA3B7B /* MyWeatherApp.swift in Sources */,
			);
			runOnlyForDeploymentPostprocessing = 0;
		};
		313C9DDF2C74A6F600EA3B7B /* Sources */ = {
			isa = PBXSourcesBuildPhase;
			buildActionMask = 2147483647;
			files = (
				313C9DE82C74A6F600EA3B7B /* MyWeatherTests.swift in Sources */,
			);
			runOnlyForDeploymentPostprocessing = 0;
		};
		313C9DE92C74A6F600EA3B7B /* Sources */ = {
			isa = PBXSourcesBuildPhase;
			buildActionMask = 2147483647;
			files = (
				313C9DF22C74A6F600EA3B7B /* MyWeatherUITests.swift in Sources */,
				313C9DF42C74A6F600EA3B7B /* MyWeatherUITestsLaunchTests.swift in Sources */,
			);
			runOnlyForDeploymentPostprocessing = 0;
		};
/* End PBXSourcesBuildPhase section */

/* Begin PBXTargetDependency section */
		313C9DE52C74A6F600EA3B7B /* PBXTargetDependency */ = {
			isa = PBXTargetDependency;
			target = 313C9DD22C74A6F500EA3B7B /* MyWeather */;
			targetProxy = 313C9DE42C74A6F600EA3B7B /* PBXContainerItemProxy */;
		};
		313C9DEF2C74A6F600EA3B7B /* PBXTargetDependency */ = {
			isa = PBXTargetDependency;
			target = 313C9DD22C74A6F500EA3B7B /* MyWeather */;
			targetProxy = 313C9DEE2C74A6F600EA3B7B /* PBXContainerItemProxy */;
		};
/* End PBXTargetDependency section */

/* Begin XCBuildConfiguration section */
		313C9DF52C74A6F600EA3B7B /* Debug */ = {
			isa = XCBuildConfiguration;
			buildSettings = {
				ALWAYS_SEARCH_USER_PATHS = NO;
				ASSETCATALOG_COMPILER_GENERATE_SWIFT_ASSET_SYMBOL_EXTENSIONS = YES;
				CLANG_ANALYZER_NONNULL = YES;
				CLANG_ANALYZER_NUMBER_OBJECT_CONVERSION = YES_AGGRESSIVE;
				CLANG_CXX_LANGUAGE_STANDARD = "gnu++20";
				CLANG_ENABLE_MODULES = YES;
				CLANG_ENABLE_OBJC_ARC = YES;
				CLANG_ENABLE_OBJC_WEAK = YES;
				CLANG_WARN_BLOCK_CAPTURE_AUTORELEASING = YES;
				CLANG_WARN_BOOL_CONVERSION = YES;
				CLANG_WARN_COMMA = YES;
				CLANG_WARN_CONSTANT_CONVERSION = YES;
				CLANG_WARN_DEPRECATED_OBJC_IMPLEMENTATIONS = YES;
				CLANG_WARN_DIRECT_OBJC_ISA_USAGE = YES_ERROR;
				CLANG_WARN_DOCUMENTATION_COMMENTS = YES;
				CLANG_WARN_EMPTY_BODY = YES;
				CLANG_WARN_ENUM_CONVERSION = YES;
				CLANG_WARN_INFINITE_RECURSION = YES;
				CLANG_WARN_INT_CONVERSION = YES;
				CLANG_WARN_NON_LITERAL_NULL_CONVERSION = YES;
				CLANG_WARN_OBJC_IMPLICIT_RETAIN_SELF = YES;
				CLANG_WARN_OBJC_LITERAL_CONVERSION = YES;
				CLANG_WARN_OBJC_ROOT_CLASS = YES_ERROR;
				CLANG_WARN_QUOTED_INCLUDE_IN_FRAMEWORK_HEADER = YES;
				CLANG_WARN_RANGE_LOOP_ANALYSIS = YES;
				CLANG_WARN_STRICT_PROTOTYPES = YES;
				CLANG_WARN_SUSPICIOUS_MOVE = YES;
				CLANG_WARN_UNGUARDED_AVAILABILITY = YES_AGGRESSIVE;
				CLANG_WARN_UNREACHABLE_CODE = YES;
				CLANG_WARN__DUPLICATE_METHOD_MATCH = YES;
				COPY_PHASE_STRIP = NO;
				DEBUG_INFORMATION_FORMAT = dwarf;
				ENABLE_STRICT_OBJC_MSGSEND = YES;
				ENABLE_TESTABILITY = YES;
				ENABLE_USER_SCRIPT_SANDBOXING = YES;
				GCC_C_LANGUAGE_STANDARD = gnu17;
				GCC_DYNAMIC_NO_PIC = NO;
				GCC_NO_COMMON_BLOCKS = YES;
				GCC_OPTIMIZATION_LEVEL = 0;
				GCC_PREPROCESSOR_DEFINITIONS = (
					"DEBUG=1",
					"$(inherited)",
				);
				GCC_WARN_64_TO_32_BIT_CONVERSION = YES;
				GCC_WARN_ABOUT_RETURN_TYPE = YES_ERROR;
				GCC_WARN_UNDECLARED_SELECTOR = YES;
				GCC_WARN_UNINITIALIZED_AUTOS = YES_AGGRESSIVE;
				GCC_WARN_UNUSED_FUNCTION = YES;
				GCC_WARN_UNUSED_VARIABLE = YES;
				IPHONEOS_DEPLOYMENT_TARGET = 17.2;
				LOCALIZATION_PREFERS_STRING_CATALOGS = YES;
				MTL_ENABLE_DEBUG_INFO = INCLUDE_SOURCE;
				MTL_FAST_MATH = YES;
				ONLY_ACTIVE_ARCH = YES;
				SDKROOT = iphoneos;
				SWIFT_ACTIVE_COMPILATION_CONDITIONS = "DEBUG $(inherited)";
				SWIFT_OPTIMIZATION_LEVEL = "-Onone";
			};
			name = Debug;
		};
		313C9DF62C74A6F600EA3B7B /* Release */ = {
			isa = XCBuildConfiguration;
			buildSettings = {
				ALWAYS_SEARCH_USER_PATHS = NO;
				ASSETCATALOG_COMPILER_GENERATE_SWIFT_ASSET_SYMBOL_EXTENSIONS = YES;
				CLANG_ANALYZER_NONNULL = YES;
				CLANG_ANALYZER_NUMBER_OBJECT_CONVERSION = YES_AGGRESSIVE;
				CLANG_CXX_LANGUAGE_STANDARD = "gnu++20";
				CLANG_ENABLE_MODULES = YES;
				CLANG_ENABLE_OBJC_ARC = YES;
				CLANG_ENABLE_OBJC_WEAK = YES;
				CLANG_WARN_BLOCK_CAPTURE_AUTORELEASING = YES;
				CLANG_WARN_BOOL_CONVERSION = YES;
				CLANG_WARN_COMMA = YES;
				CLANG_WARN_CONSTANT_CONVERSION = YES;
				CLANG_WARN_DEPRECATED_OBJC_IMPLEMENTATIONS = YES;
				CLANG_WARN_DIRECT_OBJC_ISA_USAGE = YES_ERROR;
				CLANG_WARN_DOCUMENTATION_COMMENTS = YES;
				CLANG_WARN_EMPTY_BODY = YES;
				CLANG_WARN_ENUM_CONVERSION = YES;
				CLANG_WARN_INFINITE_RECURSION = YES;
				CLANG_WARN_INT_CONVERSION = YES;
				CLANG_WARN_NON_LITERAL_NULL_CONVERSION = YES;
				CLANG_WARN_OBJC_IMPLICIT_RETAIN_SELF = YES;
				CLANG_WARN_OBJC_LITERAL_CONVERSION = YES;
				CLANG_WARN_OBJC_ROOT_CLASS = YES_ERROR;
				CLANG_WARN_QUOTED_INCLUDE_IN_FRAMEWORK_HEADER = YES;
				CLANG_WARN_RANGE_LOOP_ANALYSIS = YES;
				CLANG_WARN_STRICT_PROTOTYPES = YES;
				CLANG_WARN_SUSPICIOUS_MOVE = YES;
				CLANG_WARN_UNGUARDED_AVAILABILITY = YES_AGGRESSIVE;
				CLANG_WARN_UNREACHABLE_CODE = YES;
				CLANG_WARN__DUPLICATE_METHOD_MATCH = YES;
				COPY_PHASE_STRIP = NO;
				DEBUG_INFORMATION_FORMAT = "dwarf-with-dsym";
				ENABLE_NS_ASSERTIONS = NO;
				ENABLE_STRICT_OBJC_MSGSEND = YES;
				ENABLE_USER_SCRIPT_SANDBOXING = YES;
				GCC_C_LANGUAGE_STANDARD = gnu17;
				GCC_NO_COMMON_BLOCKS = YES;
				GCC_WARN_64_TO_32_BIT_CONVERSION = YES;
				GCC_WARN_ABOUT_RETURN_TYPE = YES_ERROR;
				GCC_WARN_UNDECLARED_SELECTOR = YES;
				GCC_WARN_UNINITIALIZED_AUTOS = YES_AGGRESSIVE;
				GCC_WARN_UNUSED_FUNCTION = YES;
				GCC_WARN_UNUSED_VARIABLE = YES;
				IPHONEOS_DEPLOYMENT_TARGET = 17.2;
				LOCALIZATION_PREFERS_STRING_CATALOGS = YES;
				MTL_ENABLE_DEBUG_INFO = NO;
				MTL_FAST_MATH = YES;
				SDKROOT = iphoneos;
				SWIFT_COMPILATION_MODE = wholemodule;
				VALIDATE_PRODUCT = YES;
			};
			name = Release;
		};
		313C9DF82C74A6F600EA3B7B /* Debug */ = {
			isa = XCBuildConfiguration;
			buildSettings = {
				ASSETCATALOG_COMPILER_APPICON_NAME = AppIcon;
				ASSETCATALOG_COMPILER_GLOBAL_ACCENT_COLOR_NAME = AccentColor;
				CODE_SIGN_STYLE = Automatic;
				CURRENT_PROJECT_VERSION = 1;
				DEVELOPMENT_ASSET_PATHS = "\"MyWeather/Preview Content\"";
				DEVELOPMENT_TEAM = H9TD9ZY99U;
				ENABLE_PREVIEWS = YES;
				GENERATE_INFOPLIST_FILE = YES;
				INFOPLIST_KEY_UIApplicationSceneManifest_Generation = YES;
				INFOPLIST_KEY_UIApplicationSupportsIndirectInputEvents = YES;
				INFOPLIST_KEY_UILaunchScreen_Generation = YES;
				INFOPLIST_KEY_UISupportedInterfaceOrientations_iPad = "UIInterfaceOrientationPortrait UIInterfaceOrientationPortraitUpsideDown UIInterfaceOrientationLandscapeLeft UIInterfaceOrientationLandscapeRight";
				INFOPLIST_KEY_UISupportedInterfaceOrientations_iPhone = "UIInterfaceOrientationPortrait UIInterfaceOrientationLandscapeLeft UIInterfaceOrientationLandscapeRight";
				LD_RUNPATH_SEARCH_PATHS = (
					"$(inherited)",
					"@executable_path/Frameworks",
				);
				MARKETING_VERSION = 1.0;
				PRODUCT_BUNDLE_IDENTIFIER = com.dikhtia.MyWeather;
				PRODUCT_NAME = "$(TARGET_NAME)";
				SWIFT_EMIT_LOC_STRINGS = YES;
				SWIFT_VERSION = 5.0;
				TARGETED_DEVICE_FAMILY = "1,2";
			};
			name = Debug;
		};
		313C9DF92C74A6F600EA3B7B /* Release */ = {
			isa = XCBuildConfiguration;
			buildSettings = {
				ASSETCATALOG_COMPILER_APPICON_NAME = AppIcon;
				ASSETCATALOG_COMPILER_GLOBAL_ACCENT_COLOR_NAME = AccentColor;
				CODE_SIGN_STYLE = Automatic;
				CURRENT_PROJECT_VERSION = 1;
				DEVELOPMENT_ASSET_PATHS = "\"MyWeather/Preview Content\"";
				DEVELOPMENT_TEAM = H9TD9ZY99U;
				ENABLE_PREVIEWS = YES;
				GENERATE_INFOPLIST_FILE = YES;
				INFOPLIST_KEY_UIApplicationSceneManifest_Generation = YES;
				INFOPLIST_KEY_UIApplicationSupportsIndirectInputEvents = YES;
				INFOPLIST_KEY_UILaunchScreen_Generation = YES;
				INFOPLIST_KEY_UISupportedInterfaceOrientations_iPad = "UIInterfaceOrientationPortrait UIInterfaceOrientationPortraitUpsideDown UIInterfaceOrientationLandscapeLeft UIInterfaceOrientationLandscapeRight";
				INFOPLIST_KEY_UISupportedInterfaceOrientations_iPhone = "UIInterfaceOrientationPortrait UIInterfaceOrientationLandscapeLeft UIInterfaceOrientationLandscapeRight";
				LD_RUNPATH_SEARCH_PATHS = (
					"$(inherited)",
					"@executable_path/Frameworks",
				);
				MARKETING_VERSION = 1.0;
				PRODUCT_BUNDLE_IDENTIFIER = com.dikhtia.MyWeather;
				PRODUCT_NAME = "$(TARGET_NAME)";
				SWIFT_EMIT_LOC_STRINGS = YES;
				SWIFT_VERSION = 5.0;
				TARGETED_DEVICE_FAMILY = "1,2";
			};
			name = Release;
		};
		313C9DFB2C74A6F600EA3B7B /* Debug */ = {
			isa = XCBuildConfiguration;
			buildSettings = {
				ALWAYS_EMBED_SWIFT_STANDARD_LIBRARIES = YES;
				BUNDLE_LOADER = "$(TEST_HOST)";
				CODE_SIGN_STYLE = Automatic;
				CURRENT_PROJECT_VERSION = 1;
				DEVELOPMENT_TEAM = H9TD9ZY99U;
				GENERATE_INFOPLIST_FILE = YES;
				IPHONEOS_DEPLOYMENT_TARGET = 17.2;
				MARKETING_VERSION = 1.0;
				PRODUCT_BUNDLE_IDENTIFIER = com.dikhtia.MyWeatherTests;
				PRODUCT_NAME = "$(TARGET_NAME)";
				SWIFT_EMIT_LOC_STRINGS = NO;
				SWIFT_VERSION = 5.0;
				TARGETED_DEVICE_FAMILY = "1,2";
				TEST_HOST = "$(BUILT_PRODUCTS_DIR)/MyWeather.app/$(BUNDLE_EXECUTABLE_FOLDER_PATH)/MyWeather";
			};
			name = Debug;
		};
		313C9DFC2C74A6F600EA3B7B /* Release */ = {
			isa = XCBuildConfiguration;
			buildSettings = {
				ALWAYS_EMBED_SWIFT_STANDARD_LIBRARIES = YES;
				BUNDLE_LOADER = "$(TEST_HOST)";
				CODE_SIGN_STYLE = Automatic;
				CURRENT_PROJECT_VERSION = 1;
				DEVELOPMENT_TEAM = H9TD9ZY99U;
				GENERATE_INFOPLIST_FILE = YES;
				IPHONEOS_DEPLOYMENT_TARGET = 17.2;
				MARKETING_VERSION = 1.0;
				PRODUCT_BUNDLE_IDENTIFIER = com.dikhtia.MyWeatherTests;
				PRODUCT_NAME = "$(TARGET_NAME)";
				SWIFT_EMIT_LOC_STRINGS = NO;
				SWIFT_VERSION = 5.0;
				TARGETED_DEVICE_FAMILY = "1,2";
				TEST_HOST = "$(BUILT_PRODUCTS_DIR)/MyWeather.app/$(BUNDLE_EXECUTABLE_FOLDER_PATH)/MyWeather";
			};
			name = Release;
		};
		313C9DFE2C74A6F600EA3B7B /* Debug */ = {
			isa = XCBuildConfiguration;
			buildSettings = {
				ALWAYS_EMBED_SWIFT_STANDARD_LIBRARIES = YES;
				CODE_SIGN_STYLE = Automatic;
				CURRENT_PROJECT_VERSION = 1;
				DEVELOPMENT_TEAM = H9TD9ZY99U;
				GENERATE_INFOPLIST_FILE = YES;
				MARKETING_VERSION = 1.0;
				PRODUCT_BUNDLE_IDENTIFIER = com.dikhtia.MyWeatherUITests;
				PRODUCT_NAME = "$(TARGET_NAME)";
				SWIFT_EMIT_LOC_STRINGS = NO;
				SWIFT_VERSION = 5.0;
				TARGETED_DEVICE_FAMILY = "1,2";
				TEST_TARGET_NAME = MyWeather;
			};
			name = Debug;
		};
		313C9DFF2C74A6F600EA3B7B /* Release */ = {
			isa = XCBuildConfiguration;
			buildSettings = {
				ALWAYS_EMBED_SWIFT_STANDARD_LIBRARIES = YES;
				CODE_SIGN_STYLE = Automatic;
				CURRENT_PROJECT_VERSION = 1;
				DEVELOPMENT_TEAM = H9TD9ZY99U;
				GENERATE_INFOPLIST_FILE = YES;
				MARKETING_VERSION = 1.0;
				PRODUCT_BUNDLE_IDENTIFIER = com.dikhtia.MyWeatherUITests;
				PRODUCT_NAME = "$(TARGET_NAME)";
				SWIFT_EMIT_LOC_STRINGS = NO;
				SWIFT_VERSION = 5.0;
				TARGETED_DEVICE_FAMILY = "1,2";
				TEST_TARGET_NAME = MyWeather;
			};
			name = Release;
		};
/* End XCBuildConfiguration section */

/* Begin XCConfigurationList section */
		313C9DCE2C74A6F500EA3B7B /* Build configuration list for PBXProject "MyWeather" */ = {
			isa = XCConfigurationList;
			buildConfigurations = (
				313C9DF52C74A6F600EA3B7B /* Debug */,
				313C9DF62C74A6F600EA3B7B /* Release */,
			);
			defaultConfigurationIsVisible = 0;
			defaultConfigurationName = Release;
		};
		313C9DF72C74A6F600EA3B7B /* Build configuration list for PBXNativeTarget "MyWeather" */ = {
			isa = XCConfigurationList;
			buildConfigurations = (
				313C9DF82C74A6F600EA3B7B /* Debug */,
				313C9DF92C74A6F600EA3B7B /* Release */,
			);
			defaultConfigurationIsVisible = 0;
			defaultConfigurationName = Release;
		};
		313C9DFA2C74A6F600EA3B7B /* Build configuration list for PBXNativeTarget "MyWeatherTests" */ = {
			isa = XCConfigurationList;
			buildConfigurations = (
				313C9DFB2C74A6F600EA3B7B /* Debug */,
				313C9DFC2C74A6F600EA3B7B /* Release */,
			);
			defaultConfigurationIsVisible = 0;
			defaultConfigurationName = Release;
		};
		313C9DFD2C74A6F600EA3B7B /* Build configuration list for PBXNativeTarget "MyWeatherUITests" */ = {
			isa = XCConfigurationList;
			buildConfigurations = (
				313C9DFE2C74A6F600EA3B7B /* Debug */,
				313C9DFF2C74A6F600EA3B7B /* Release */,
			);
			defaultConfigurationIsVisible = 0;
			defaultConfigurationName = Release;
		};
/* End XCConfigurationList section */
	};
	rootObject = 313C9DCB2C74A6F500EA3B7B /* Project object */;
}
